
Microsoft Visual Studio Solution File, Format Version 12.00
# Visual Studio Version 17
VisualStudioVersion = 17.5.33424.131
MinimumVisualStudioVersion = 10.0.40219.1
Project("{FAE04EC0-301F-11D3-BF4B-00C04F79EFBC}") = "AmtechCalculator", "AmtechCalculator.csproj", "{741C0832-74F3-4855-9E80-2508E37E9152}"
EndProject
Global
	GlobalSection(SolutionConfigurationPlatforms) = preSolution
		Debug|Any CPU = Debug|Any CPU
		Release|Any CPU = Release|Any CPU
	EndGlobalSection
	GlobalSection(ProjectConfigurationPlatforms) = postSolution
		{741C0832-74F3-4855-9E80-2508E37E9152}.Debug|Any CPU.ActiveCfg = Debug|Any CPU
		{741C0832-74F3-4855-9E80-2508E37E9152}.Debug|Any CPU.Build.0 = Debug|Any CPU
		{741C0832-74F3-4855-9E80-2508E37E9152}.Release|Any CPU.ActiveCfg = Release|Any CPU
		{741C0832-74F3-4855-9E80-2508E37E9152}.Release|Any CPU.Build.0 = Release|Any CPU
	EndGlobalSection
	GlobalSection(SolutionProperties) = preSolution
		HideSolutionNode = FALSE
	EndGlobalSection
	GlobalSection(ExtensibilityGlobals) = postSolution
		SolutionGuid = {81484433-AE19-4A6A-B913-71247119F691}
	EndGlobalSection
EndGlobal
